// !$*UTF8*$!
{
	archiveVersion = 1;
	classes = {
	};
	objectVersion = 50;
	objects = {

/* Begin PBXBuildFile section */
		11E9DD7026A9521C00397CC5 /* AppDelegate.swift in Sources */ = {isa = PBXBuildFile; fileRef = 11E9DD6F26A9521C00397CC5 /* AppDelegate.swift */; };
		11E9DD7226A9521C00397CC5 /* SceneDelegate.swift in Sources */ = {isa = PBXBuildFile; fileRef = 11E9DD7126A9521C00397CC5 /* SceneDelegate.swift */; };
		11E9DD7426A9521C00397CC5 /* ViewController.swift in Sources */ = {isa = PBXBuildFile; fileRef = 11E9DD7326A9521C00397CC5 /* ViewController.swift */; };
		11E9DD7726A9521C00397CC5 /* Main.storyboard in Resources */ = {isa = PBXBuildFile; fileRef = 11E9DD7526A9521C00397CC5 /* Main.storyboard */; };
		11E9DD7926A9521D00397CC5 /* Assets.xcassets in Resources */ = {isa = PBXBuildFile; fileRef = 11E9DD7826A9521D00397CC5 /* Assets.xcassets */; };
		11E9DD7C26A9521D00397CC5 /* LaunchScreen.storyboard in Resources */ = {isa = PBXBuildFile; fileRef = 11E9DD7A26A9521D00397CC5 /* LaunchScreen.storyboard */; };
		A8448635431D454BC4111286 /* Pods_GameCatalogue.framework in Frameworks */ = {isa = PBXBuildFile; fileRef = 0EB8CB4A2DAC4D3DAB2F3421 /* Pods_GameCatalogue.framework */; };
/* End PBXBuildFile section */

/* Begin PBXFileReference section */
		0EB8CB4A2DAC4D3DAB2F3421 /* Pods_GameCatalogue.framework */ = {isa = PBXFileReference; explicitFileType = wrapper.framework; includeInIndex = 0; path = Pods_GameCatalogue.framework; sourceTree = BUILT_PRODUCTS_DIR; };
		11E9DD6C26A9521C00397CC5 /* GameCatalogue.app */ = {isa = PBXFileReference; explicitFileType = wrapper.application; includeInIndex = 0; path = GameCatalogue.app; sourceTree = BUILT_PRODUCTS_DIR; };
		11E9DD6F26A9521C00397CC5 /* AppDelegate.swift */ = {isa = PBXFileReference; lastKnownFileType = sourcecode.swift; path = AppDelegate.swift; sourceTree = "<group>"; };
		11E9DD7126A9521C00397CC5 /* SceneDelegate.swift */ = {isa = PBXFileReference; lastKnownFileType = sourcecode.swift; path = SceneDelegate.swift; sourceTree = "<group>"; };
		11E9DD7326A9521C00397CC5 /* ViewController.swift */ = {isa = PBXFileReference; lastKnownFileType = sourcecode.swift; path = ViewController.swift; sourceTree = "<group>"; };
		11E9DD7626A9521C00397CC5 /* Base */ = {isa = PBXFileReference; lastKnownFileType = file.storyboard; name = Base; path = Base.lproj/Main.storyboard; sourceTree = "<group>"; };
		11E9DD7826A9521D00397CC5 /* Assets.xcassets */ = {isa = PBXFileReference; lastKnownFileType = folder.assetcatalog; path = Assets.xcassets; sourceTree = "<group>"; };
		11E9DD7B26A9521D00397CC5 /* Base */ = {isa = PBXFileReference; lastKnownFileType = file.storyboard; name = Base; path = Base.lproj/LaunchScreen.storyboard; sourceTree = "<group>"; };
		11E9DD7D26A9521D00397CC5 /* Info.plist */ = {isa = PBXFileReference; lastKnownFileType = text.plist.xml; path = Info.plist; sourceTree = "<group>"; };
		1DDE22FA6C1E0083DB9BD392 /* Pods-GameCatalogue.debug.xcconfig */ = {isa = PBXFileReference; includeInIndex = 1; lastKnownFileType = text.xcconfig; name = "Pods-GameCatalogue.debug.xcconfig"; path = "Target Support Files/Pods-GameCatalogue/Pods-GameCatalogue.debug.xcconfig"; sourceTree = "<group>"; };
		BB15FBA4DC0B4BE00E739E44 /* Pods-GameCatalogue.release.xcconfig */ = {isa = PBXFileReference; includeInIndex = 1; lastKnownFileType = text.xcconfig; name = "Pods-GameCatalogue.release.xcconfig"; path = "Target Support Files/Pods-GameCatalogue/Pods-GameCatalogue.release.xcconfig"; sourceTree = "<group>"; };
/* End PBXFileReference section */

/* Begin PBXFrameworksBuildPhase section */
		11E9DD6926A9521C00397CC5 /* Frameworks */ = {
			isa = PBXFrameworksBuildPhase;
			buildActionMask = 2147483647;
			files = (
				A8448635431D454BC4111286 /* Pods_GameCatalogue.framework in Frameworks */,
			);
			runOnlyForDeploymentPostprocessing = 0;
		};
/* End PBXFrameworksBuildPhase section */

/* Begin PBXGroup section */
		11E9DD6326A9521C00397CC5 = {
			isa = PBXGroup;
			children = (
				11E9DD6E26A9521C00397CC5 /* GameCatalogue */,
				11E9DD6D26A9521C00397CC5 /* Products */,
				CE1102493017CC0AB6F99478 /* Pods */,
				DFE919980C844DF6CCBD0E81 /* Frameworks */,
			);
			sourceTree = "<group>";
		};
		11E9DD6D26A9521C00397CC5 /* Products */ = {
			isa = PBXGroup;
			children = (
				11E9DD6C26A9521C00397CC5 /* GameCatalogue.app */,
			);
			name = Products;
			sourceTree = "<group>";
		};
		11E9DD6E26A9521C00397CC5 /* GameCatalogue */ = {
			isa = PBXGroup;
			children = (
				11E9DD6F26A9521C00397CC5 /* AppDelegate.swift */,
				11E9DD7126A9521C00397CC5 /* SceneDelegate.swift */,
				11E9DD7326A9521C00397CC5 /* ViewController.swift */,
				11E9DD7526A9521C00397CC5 /* Main.storyboard */,
				11E9DD7826A9521D00397CC5 /* Assets.xcassets */,
				11E9DD7A26A9521D00397CC5 /* LaunchScreen.storyboard */,
				11E9DD7D26A9521D00397CC5 /* Info.plist */,
			);
			path = GameCatalogue;
			sourceTree = "<group>";
		};
		CE1102493017CC0AB6F99478 /* Pods */ = {
			isa = PBXGroup;
			children = (
				1DDE22FA6C1E0083DB9BD392 /* Pods-GameCatalogue.debug.xcconfig */,
				BB15FBA4DC0B4BE00E739E44 /* Pods-GameCatalogue.release.xcconfig */,
			);
			name = Pods;
			path = Pods;
			sourceTree = "<group>";
		};
		DFE919980C844DF6CCBD0E81 /* Frameworks */ = {
			isa = PBXGroup;
			children = (
				0EB8CB4A2DAC4D3DAB2F3421 /* Pods_GameCatalogue.framework */,
			);
			name = Frameworks;
			sourceTree = "<group>";
		};
/* End PBXGroup section */

/* Begin PBXNativeTarget section */
		11E9DD6B26A9521C00397CC5 /* GameCatalogue */ = {
			isa = PBXNativeTarget;
			buildConfigurationList = 11E9DD8026A9521D00397CC5 /* Build configuration list for PBXNativeTarget "GameCatalogue" */;
			buildPhases = (
				1A4B44DEB1213845EF486E76 /* [CP] Check Pods Manifest.lock */,
				11E9DD6826A9521C00397CC5 /* Sources */,
				11E9DD6926A9521C00397CC5 /* Frameworks */,
				11E9DD6A26A9521C00397CC5 /* Resources */,
				69B37935209B706442EB3FF8 /* [CP] Embed Pods Frameworks */,
			);
			buildRules = (
			);
			dependencies = (
			);
			name = GameCatalogue;
			productName = GameCatalogue;
			productReference = 11E9DD6C26A9521C00397CC5 /* GameCatalogue.app */;
			productType = "com.apple.product-type.application";
		};
/* End PBXNativeTarget section */

/* Begin PBXProject section */
		11E9DD6426A9521C00397CC5 /* Project object */ = {
			isa = PBXProject;
			attributes = {
				LastSwiftUpdateCheck = 1250;
				LastUpgradeCheck = 1250;
				TargetAttributes = {
					11E9DD6B26A9521C00397CC5 = {
						CreatedOnToolsVersion = 12.5.1;
					};
				};
			};
			buildConfigurationList = 11E9DD6726A9521C00397CC5 /* Build configuration list for PBXProject "GameCatalogue" */;
			compatibilityVersion = "Xcode 9.3";
			developmentRegion = en;
			hasScannedForEncodings = 0;
			knownRegions = (
				en,
				Base,
			);
			mainGroup = 11E9DD6326A9521C00397CC5;
			productRefGroup = 11E9DD6D26A9521C00397CC5 /* Products */;
			projectDirPath = "";
			projectRoot = "";
			targets = (
				11E9DD6B26A9521C00397CC5 /* GameCatalogue */,
			);
		};
/* End PBXProject section */

/* Begin PBXResourcesBuildPhase section */
		11E9DD6A26A9521C00397CC5 /* Resources */ = {
			isa = PBXResourcesBuildPhase;
			buildActionMask = 2147483647;
			files = (
				11E9DD7C26A9521D00397CC5 /* LaunchScreen.storyboard in Resources */,
				11E9DD7926A9521D00397CC5 /* Assets.xcassets in Resources */,
				11E9DD7726A9521C00397CC5 /* Main.storyboard in Resources */,
			);
			runOnlyForDeploymentPostprocessing = 0;
		};
/* End PBXResourcesBuildPhase section */

/* Begin PBXShellScriptBuildPhase section */
		1A4B44DEB1213845EF486E76 /* [CP] Check Pods Manifest.lock */ = {
			isa = PBXShellScriptBuildPhase;
			buildActionMask = 2147483647;
			files = (
			);
			inputFileListPaths = (
			);
			inputPaths = (
				"${PODS_PODFILE_DIR_PATH}/Podfile.lock",
				"${PODS_ROOT}/Manifest.lock",
			);
			name = "[CP] Check Pods Manifest.lock";
			outputFileListPaths = (
			);
			outputPaths = (
				"$(DERIVED_FILE_DIR)/Pods-GameCatalogue-checkManifestLockResult.txt",
			);
			runOnlyForDeploymentPostprocessing = 0;
			shellPath = /bin/sh;
			shellScript = "diff \"${PODS_PODFILE_DIR_PATH}/Podfile.lock\" \"${PODS_ROOT}/Manifest.lock\" > /dev/null\nif [ $? != 0 ] ; then\n    # print error to STDERR\n    echo \"error: The sandbox is not in sync with the Podfile.lock. Run 'pod install' or update your CocoaPods installation.\" >&2\n    exit 1\nfi\n# This output is used by Xcode 'outputs' to avoid re-running this script phase.\necho \"SUCCESS\" > \"${SCRIPT_OUTPUT_FILE_0}\"\n";
			showEnvVarsInLog = 0;
		};
		69B37935209B706442EB3FF8 /* [CP] Embed Pods Frameworks */ = {
			isa = PBXShellScriptBuildPhase;
			buildActionMask = 2147483647;
			files = (
			);
			inputFileListPaths = (
				"${PODS_ROOT}/Target Support Files/Pods-GameCatalogue/Pods-GameCatalogue-frameworks-${CONFIGURATION}-input-files.xcfilelist",
			);
			name = "[CP] Embed Pods Frameworks";
			outputFileListPaths = (
				"${PODS_ROOT}/Target Support Files/Pods-GameCatalogue/Pods-GameCatalogue-frameworks-${CONFIGURATION}-output-files.xcfilelist",
			);
			runOnlyForDeploymentPostprocessing = 0;
			shellPath = /bin/sh;
			shellScript = "\"${PODS_ROOT}/Target Support Files/Pods-GameCatalogue/Pods-GameCatalogue-frameworks.sh\"\n";
			showEnvVarsInLog = 0;
		};
/* End PBXShellScriptBuildPhase section */

/* Begin PBXSourcesBuildPhase section */
		11E9DD6826A9521C00397CC5 /* Sources */ = {
			isa = PBXSourcesBuildPhase;
			buildActionMask = 2147483647;
			files = (
				11E9DD7426A9521C00397CC5 /* ViewController.swift in Sources */,
				11E9DD7026A9521C00397CC5 /* AppDelegate.swift in Sources */,
				11E9DD7226A9521C00397CC5 /* SceneDelegate.swift in Sources */,
			);
			runOnlyForDeploymentPostprocessing = 0;
		};
/* End PBXSourcesBuildPhase section */

/* Begin PBXVariantGroup section */
		11E9DD7526A9521C00397CC5 /* Main.storyboard */ = {
			isa = PBXVariantGroup;
			children = (
				11E9DD7626A9521C00397CC5 /* Base */,
			);
			name = Main.storyboard;
			sourceTree = "<group>";
		};
		11E9DD7A26A9521D00397CC5 /* LaunchScreen.storyboard */ = {
			isa = PBXVariantGroup;
			children = (
				11E9DD7B26A9521D00397CC5 /* Base */,
			);
			name = LaunchScreen.storyboard;
			sourceTree = "<group>";
		};
/* End PBXVariantGroup section */

/* Begin XCBuildConfiguration section */
		11E9DD7E26A9521D00397CC5 /* Debug */ = {
			isa = XCBuildConfiguration;
			buildSettings = {
				ALWAYS_SEARCH_USER_PATHS = NO;
				CLANG_ANALYZER_NONNULL = YES;
				CLANG_ANALYZER_NUMBER_OBJECT_CONVERSION = YES_AGGRESSIVE;
				CLANG_CXX_LANGUAGE_STANDARD = "gnu++14";
				CLANG_CXX_LIBRARY = "libc++";
				CLANG_ENABLE_MODULES = YES;
				CLANG_ENABLE_OBJC_ARC = YES;
				CLANG_ENABLE_OBJC_WEAK = YES;
				CLANG_WARN_BLOCK_CAPTURE_AUTORELEASING = YES;
				CLANG_WARN_BOOL_CONVERSION = YES;
				CLANG_WARN_COMMA = YES;
				CLANG_WARN_CONSTANT_CONVERSION = YES;
				CLANG_WARN_DEPRECATED_OBJC_IMPLEMENTATIONS = YES;
				CLANG_WARN_DIRECT_OBJC_ISA_USAGE = YES_ERROR;
				CLANG_WARN_DOCUMENTATION_COMMENTS = YES;
				CLANG_WARN_EMPTY_BODY = YES;
				CLANG_WARN_ENUM_CONVERSION = YES;
				CLANG_WARN_INFINITE_RECURSION = YES;
				CLANG_WARN_INT_CONVERSION = YES;
				CLANG_WARN_NON_LITERAL_NULL_CONVERSION = YES;
				CLANG_WARN_OBJC_IMPLICIT_RETAIN_SELF = YES;
				CLANG_WARN_OBJC_LITERAL_CONVERSION = YES;
				CLANG_WARN_OBJC_ROOT_CLASS = YES_ERROR;
				CLANG_WARN_QUOTED_INCLUDE_IN_FRAMEWORK_HEADER = YES;
				CLANG_WARN_RANGE_LOOP_ANALYSIS = YES;
				CLANG_WARN_STRICT_PROTOTYPES = YES;
				CLANG_WARN_SUSPICIOUS_MOVE = YES;
				CLANG_WARN_UNGUARDED_AVAILABILITY = YES_AGGRESSIVE;
				CLANG_WARN_UNREACHABLE_CODE = YES;
				CLANG_WARN__DUPLICATE_METHOD_MATCH = YES;
				COPY_PHASE_STRIP = NO;
				DEBUG_INFORMATION_FORMAT = dwarf;
				ENABLE_STRICT_OBJC_MSGSEND = YES;
				ENABLE_TESTABILITY = YES;
				GCC_C_LANGUAGE_STANDARD = gnu11;
				GCC_DYNAMIC_NO_PIC = NO;
				GCC_NO_COMMON_BLOCKS = YES;
				GCC_OPTIMIZATION_LEVEL = 0;
				GCC_PREPROCESSOR_DEFINITIONS = (
					"DEBUG=1",
					"$(inherited)",
				);
				GCC_WARN_64_TO_32_BIT_CONVERSION = YES;
				GCC_WARN_ABOUT_RETURN_TYPE = YES_ERROR;
				GCC_WARN_UNDECLARED_SELECTOR = YES;
				GCC_WARN_UNINITIALIZED_AUTOS = YES_AGGRESSIVE;
				GCC_WARN_UNUSED_FUNCTION = YES;
				GCC_WARN_UNUSED_VARIABLE = YES;
				IPHONEOS_DEPLOYMENT_TARGET = 14.5;
				MTL_ENABLE_DEBUG_INFO = INCLUDE_SOURCE;
				MTL_FAST_MATH = YES;
				ONLY_ACTIVE_ARCH = YES;
				SDKROOT = iphoneos;
				SWIFT_ACTIVE_COMPILATION_CONDITIONS = DEBUG;
				SWIFT_OPTIMIZATION_LEVEL = "-Onone";
			};
			name = Debug;
		};
		11E9DD7F26A9521D00397CC5 /* Release */ = {
			isa = XCBuildConfiguration;
			buildSettings = {
				ALWAYS_SEARCH_USER_PATHS = NO;
				CLANG_ANALYZER_NONNULL = YES;
				CLANG_ANALYZER_NUMBER_OBJECT_CONVERSION = YES_AGGRESSIVE;
				CLANG_CXX_LANGUAGE_STANDARD = "gnu++14";
				CLANG_CXX_LIBRARY = "libc++";
				CLANG_ENABLE_MODULES = YES;
				CLANG_ENABLE_OBJC_ARC = YES;
				CLANG_ENABLE_OBJC_WEAK = YES;
				CLANG_WARN_BLOCK_CAPTURE_AUTORELEASING = YES;
				CLANG_WARN_BOOL_CONVERSION = YES;
				CLANG_WARN_COMMA = YES;
				CLANG_WARN_CONSTANT_CONVERSION = YES;
				CLANG_WARN_DEPRECATED_OBJC_IMPLEMENTATIONS = YES;
				CLANG_WARN_DIRECT_OBJC_ISA_USAGE = YES_ERROR;
				CLANG_WARN_DOCUMENTATION_COMMENTS = YES;
				CLANG_WARN_EMPTY_BODY = YES;
				CLANG_WARN_ENUM_CONVERSION = YES;
				CLANG_WARN_INFINITE_RECURSION = YES;
				CLANG_WARN_INT_CONVERSION = YES;
				CLANG_WARN_NON_LITERAL_NULL_CONVERSION = YES;
				CLANG_WARN_OBJC_IMPLICIT_RETAIN_SELF = YES;
				CLANG_WARN_OBJC_LITERAL_CONVERSION = YES;
				CLANG_WARN_OBJC_ROOT_CLASS = YES_ERROR;
				CLANG_WARN_QUOTED_INCLUDE_IN_FRAMEWORK_HEADER = YES;
				CLANG_WARN_RANGE_LOOP_ANALYSIS = YES;
				CLANG_WARN_STRICT_PROTOTYPES = YES;
				CLANG_WARN_SUSPICIOUS_MOVE = YES;
				CLANG_WARN_UNGUARDED_AVAILABILITY = YES_AGGRESSIVE;
				CLANG_WARN_UNREACHABLE_CODE = YES;
				CLANG_WARN__DUPLICATE_METHOD_MATCH = YES;
				COPY_PHASE_STRIP = NO;
				DEBUG_INFORMATION_FORMAT = "dwarf-with-dsym";
				ENABLE_NS_ASSERTIONS = NO;
				ENABLE_STRICT_OBJC_MSGSEND = YES;
				GCC_C_LANGUAGE_STANDARD = gnu11;
				GCC_NO_COMMON_BLOCKS = YES;
				GCC_WARN_64_TO_32_BIT_CONVERSION = YES;
				GCC_WARN_ABOUT_RETURN_TYPE = YES_ERROR;
				GCC_WARN_UNDECLARED_SELECTOR = YES;
				GCC_WARN_UNINITIALIZED_AUTOS = YES_AGGRESSIVE;
				GCC_WARN_UNUSED_FUNCTION = YES;
				GCC_WARN_UNUSED_VARIABLE = YES;
				IPHONEOS_DEPLOYMENT_TARGET = 14.5;
				MTL_ENABLE_DEBUG_INFO = NO;
				MTL_FAST_MATH = YES;
				SDKROOT = iphoneos;
				SWIFT_COMPILATION_MODE = wholemodule;
				SWIFT_OPTIMIZATION_LEVEL = "-O";
				VALIDATE_PRODUCT = YES;
			};
			name = Release;
		};
		11E9DD8126A9521D00397CC5 /* Debug */ = {
			isa = XCBuildConfiguration;
			baseConfigurationReference = 1DDE22FA6C1E0083DB9BD392 /* Pods-GameCatalogue.debug.xcconfig */;
			buildSettings = {
				ASSETCATALOG_COMPILER_APPICON_NAME = AppIcon;
				ASSETCATALOG_COMPILER_GLOBAL_ACCENT_COLOR_NAME = AccentColor;
				CODE_SIGN_STYLE = Automatic;
				INFOPLIST_FILE = GameCatalogue/Info.plist;
				LD_RUNPATH_SEARCH_PATHS = (
					"$(inherited)",
					"@executable_path/Frameworks",
				);
				PRODUCT_BUNDLE_IDENTIFIER = com.victorang1.GameCatalogue;
				PRODUCT_NAME = "$(TARGET_NAME)";
				SWIFT_VERSION = 5.0;
				TARGETED_DEVICE_FAMILY = "1,2";
			};
			name = Debug;
		};
		11E9DD8226A9521D00397CC5 /* Release */ = {
			isa = XCBuildConfiguration;
			baseConfigurationReference = BB15FBA4DC0B4BE00E739E44 /* Pods-GameCatalogue.release.xcconfig */;
			buildSettings = {
				ASSETCATALOG_COMPILER_APPICON_NAME = AppIcon;
				ASSETCATALOG_COMPILER_GLOBAL_ACCENT_COLOR_NAME = AccentColor;
				CODE_SIGN_STYLE = Automatic;
				INFOPLIST_FILE = GameCatalogue/Info.plist;
				LD_RUNPATH_SEARCH_PATHS = (
					"$(inherited)",
					"@executable_path/Frameworks",
				);
				PRODUCT_BUNDLE_IDENTIFIER = com.victorang1.GameCatalogue;
				PRODUCT_NAME = "$(TARGET_NAME)";
				SWIFT_VERSION = 5.0;
				TARGETED_DEVICE_FAMILY = "1,2";
			};
			name = Release;
		};
/* End XCBuildConfiguration section */

/* Begin XCConfigurationList section */
		11E9DD6726A9521C00397CC5 /* Build configuration list for PBXProject "GameCatalogue" */ = {
			isa = XCConfigurationList;
			buildConfigurations = (
				11E9DD7E26A9521D00397CC5 /* Debug */,
				11E9DD7F26A9521D00397CC5 /* Release */,
			);
			defaultConfigurationIsVisible = 0;
			defaultConfigurationName = Release;
		};
		11E9DD8026A9521D00397CC5 /* Build configuration list for PBXNativeTarget "GameCatalogue" */ = {
			isa = XCConfigurationList;
			buildConfigurations = (
				11E9DD8126A9521D00397CC5 /* Debug */,
				11E9DD8226A9521D00397CC5 /* Release */,
			);
			defaultConfigurationIsVisible = 0;
			defaultConfigurationName = Release;
		};
/* End XCConfigurationList section */
	};
	rootObject = 11E9DD6426A9521C00397CC5 /* Project object */;
}
